
Microsoft Visual Studio Solution File, Format Version 12.00
# Visual Studio Version 16
VisualStudioVersion = 16.0.30413.136
MinimumVisualStudioVersion = 10.0.40219.1
Project("{FAE04EC0-301F-11D3-BF4B-00C04F79EFBC}") = "b2c2inleveropdracht2", "b2c2inleveropdracht2.csproj", "{E616D5C7-0308-4D06-A4CD-6EC364006E1D}"
EndProject
Global
	GlobalSection(SolutionConfigurationPlatforms) = preSolution
		Debug|Any CPU = Debug|Any CPU
		Release|Any CPU = Release|Any CPU
	EndGlobalSection
	GlobalSection(ProjectConfigurationPlatforms) = postSolution
		{E616D5C7-0308-4D06-A4CD-6EC364006E1D}.Debug|Any CPU.ActiveCfg = Debug|Any CPU
		{E616D5C7-0308-4D06-A4CD-6EC364006E1D}.Debug|Any CPU.Build.0 = Debug|Any CPU
		{E616D5C7-0308-4D06-A4CD-6EC364006E1D}.Release|Any CPU.ActiveCfg = Release|Any CPU
		{E616D5C7-0308-4D06-A4CD-6EC364006E1D}.Release|Any CPU.Build.0 = Release|Any CPU
	EndGlobalSection
	GlobalSection(SolutionProperties) = preSolution
		HideSolutionNode = FALSE
	EndGlobalSection
	GlobalSection(ExtensibilityGlobals) = postSolution
		SolutionGuid = {149BF620-0FA2-4932-BA70-7DFA353A5721}
	EndGlobalSection
EndGlobal
